
Microsoft Visual Studio Solution File, Format Version 12.00
# Visual Studio 14
VisualStudioVersion = 14.0.25123.0
MinimumVisualStudioVersion = 10.0.40219.1
Project("{FAE04EC0-301F-11D3-BF4B-00C04F79EFBC}") = "SportsStore.Domain", "SportsStore.Domain\SportsStore.Domain.csproj", "{83A2C603-83FE-42BF-BB07-502D099D2083}"
EndProject
Project("{FAE04EC0-301F-11D3-BF4B-00C04F79EFBC}") = "SportsStore.WebUI", "SportsStore.WebUI\SportsStore.WebUI.csproj", "{3820EF1D-3361-4E89-BED8-5B5D8041CFC9}"
EndProject
Project("{FAE04EC0-301F-11D3-BF4B-00C04F79EFBC}") = "SportsStore.UnitTests", "SportsStore.UnitTests\SportsStore.UnitTests.csproj", "{3D16C848-3019-413D-8770-639B682940B5}"
EndProject
Global
	GlobalSection(SolutionConfigurationPlatforms) = preSolution
		Debug|Any CPU = Debug|Any CPU
		Release|Any CPU = Release|Any CPU
	EndGlobalSection
	GlobalSection(ProjectConfigurationPlatforms) = postSolution
		{83A2C603-83FE-42BF-BB07-502D099D2083}.Debug|Any CPU.ActiveCfg = Debug|Any CPU
		{83A2C603-83FE-42BF-BB07-502D099D2083}.Debug|Any CPU.Build.0 = Debug|Any CPU
		{83A2C603-83FE-42BF-BB07-502D099D2083}.Release|Any CPU.ActiveCfg = Release|Any CPU
		{83A2C603-83FE-42BF-BB07-502D099D2083}.Release|Any CPU.Build.0 = Release|Any CPU
		{3820EF1D-3361-4E89-BED8-5B5D8041CFC9}.Debug|Any CPU.ActiveCfg = Debug|Any CPU
		{3820EF1D-3361-4E89-BED8-5B5D8041CFC9}.Debug|Any CPU.Build.0 = Debug|Any CPU
		{3820EF1D-3361-4E89-BED8-5B5D8041CFC9}.Release|Any CPU.ActiveCfg = Release|Any CPU
		{3820EF1D-3361-4E89-BED8-5B5D8041CFC9}.Release|Any CPU.Build.0 = Release|Any CPU
		{3D16C848-3019-413D-8770-639B682940B5}.Debug|Any CPU.ActiveCfg = Debug|Any CPU
		{3D16C848-3019-413D-8770-639B682940B5}.Debug|Any CPU.Build.0 = Debug|Any CPU
		{3D16C848-3019-413D-8770-639B682940B5}.Release|Any CPU.ActiveCfg = Release|Any CPU
		{3D16C848-3019-413D-8770-639B682940B5}.Release|Any CPU.Build.0 = Release|Any CPU
	EndGlobalSection
	GlobalSection(SolutionProperties) = preSolution
		HideSolutionNode = FALSE
	EndGlobalSection
EndGlobal
